
Microsoft Visual Studio Solution File, Format Version 12.00
# Visual Studio Version 17
VisualStudioVersion = 17.9.34723.18
MinimumVisualStudioVersion = 10.0.40219.1
Project("{FAE04EC0-301F-11D3-BF4B-00C04F79EFBC}") = "flodraulicproject", "flodraulicproject\flodraulicproject.csproj", "{24B03CF2-11A2-4711-BE84-7E18026C7314}"
EndProject
Global
	GlobalSection(SolutionConfigurationPlatforms) = preSolution
		Debug|Any CPU = Debug|Any CPU
		Release|Any CPU = Release|Any CPU
	EndGlobalSection
	GlobalSection(ProjectConfigurationPlatforms) = postSolution
		{24B03CF2-11A2-4711-BE84-7E18026C7314}.Debug|Any CPU.ActiveCfg = Debug|Any CPU
		{24B03CF2-11A2-4711-BE84-7E18026C7314}.Debug|Any CPU.Build.0 = Debug|Any CPU
		{24B03CF2-11A2-4711-BE84-7E18026C7314}.Release|Any CPU.ActiveCfg = Release|Any CPU
		{24B03CF2-11A2-4711-BE84-7E18026C7314}.Release|Any CPU.Build.0 = Release|Any CPU
	EndGlobalSection
	GlobalSection(SolutionProperties) = preSolution
		HideSolutionNode = FALSE
	EndGlobalSection
	GlobalSection(ExtensibilityGlobals) = postSolution
		SolutionGuid = {16D2B2AC-CB1B-4BA6-9D84-3D8DCDD59B05}
	EndGlobalSection
EndGlobal
